
Microsoft Visual Studio Solution File, Format Version 12.00
# Visual Studio Version 16
VisualStudioVersion = 16.0.30711.63
MinimumVisualStudioVersion = 10.0.40219.1
Project("{FAE04EC0-301F-11D3-BF4B-00C04F79EFBC}") = "Bai1", "LyThuyet2\Bai1.csproj", "{3F5137EA-4160-4AF7-8E00-823ADEEBB1F1}"
EndProject
Project("{FAE04EC0-301F-11D3-BF4B-00C04F79EFBC}") = "Bai2", "Lilia\Bai2.csproj", "{FFC0460E-0D60-4930-81F0-7FC940779252}"
EndProject
Global
	GlobalSection(SolutionConfigurationPlatforms) = preSolution
		Debug|Any CPU = Debug|Any CPU
		Release|Any CPU = Release|Any CPU
	EndGlobalSection
	GlobalSection(ProjectConfigurationPlatforms) = postSolution
		{3F5137EA-4160-4AF7-8E00-823ADEEBB1F1}.Debug|Any CPU.ActiveCfg = Debug|Any CPU
		{3F5137EA-4160-4AF7-8E00-823ADEEBB1F1}.Debug|Any CPU.Build.0 = Debug|Any CPU
		{3F5137EA-4160-4AF7-8E00-823ADEEBB1F1}.Release|Any CPU.ActiveCfg = Release|Any CPU
		{3F5137EA-4160-4AF7-8E00-823ADEEBB1F1}.Release|Any CPU.Build.0 = Release|Any CPU
		{FFC0460E-0D60-4930-81F0-7FC940779252}.Debug|Any CPU.ActiveCfg = Debug|Any CPU
		{FFC0460E-0D60-4930-81F0-7FC940779252}.Debug|Any CPU.Build.0 = Debug|Any CPU
		{FFC0460E-0D60-4930-81F0-7FC940779252}.Release|Any CPU.ActiveCfg = Release|Any CPU
		{FFC0460E-0D60-4930-81F0-7FC940779252}.Release|Any CPU.Build.0 = Release|Any CPU
	EndGlobalSection
	GlobalSection(SolutionProperties) = preSolution
		HideSolutionNode = FALSE
	EndGlobalSection
	GlobalSection(ExtensibilityGlobals) = postSolution
		SolutionGuid = {B103FDA0-94AF-4377-9ED4-EC3C773DA3C3}
	EndGlobalSection
EndGlobal
